
Microsoft Visual Studio Solution File, Format Version 12.00
# Visual Studio Version 17
VisualStudioVersion = 17.8.34330.188
MinimumVisualStudioVersion = 10.0.40219.1
Project("{9A19103F-16F7-4668-BE54-9A1E7A4F7556}") = "HocLichSuDiaLy", "HocLichSuDiaLy.csproj", "{16F20D4F-0F96-4159-A0CA-86F7A7767B1F}"
EndProject
Global
	GlobalSection(SolutionConfigurationPlatforms) = preSolution
		Debug|Any CPU = Debug|Any CPU
		Release|Any CPU = Release|Any CPU
	EndGlobalSection
	GlobalSection(ProjectConfigurationPlatforms) = postSolution
		{16F20D4F-0F96-4159-A0CA-86F7A7767B1F}.Debug|Any CPU.ActiveCfg = Debug|Any CPU
		{16F20D4F-0F96-4159-A0CA-86F7A7767B1F}.Debug|Any CPU.Build.0 = Debug|Any CPU
		{16F20D4F-0F96-4159-A0CA-86F7A7767B1F}.Release|Any CPU.ActiveCfg = Release|Any CPU
		{16F20D4F-0F96-4159-A0CA-86F7A7767B1F}.Release|Any CPU.Build.0 = Release|Any CPU
	EndGlobalSection
	GlobalSection(SolutionProperties) = preSolution
		HideSolutionNode = FALSE
	EndGlobalSection
	GlobalSection(ExtensibilityGlobals) = postSolution
		SolutionGuid = {32542D63-CDFD-4DAF-88C1-5DF631CB2940}
	EndGlobalSection
EndGlobal
